
Microsoft Visual Studio Solution File, Format Version 12.00
# Visual Studio Version 17
VisualStudioVersion = 17.12.35527.113
MinimumVisualStudioVersion = 10.0.40219.1
Project("{FAE04EC0-301F-11D3-BF4B-00C04F79EFBC}") = "WheaterApi", "WheaterApi\WheaterApi.csproj", "{F59BF61E-826C-4B81-A88A-3EC801F4C04D}"
EndProject
Project("{FAE04EC0-301F-11D3-BF4B-00C04F79EFBC}") = "ChartWheaterApi", "ChartWheaterApi\ChartWheaterApi.csproj", "{050410A2-8BBB-4AAE-B327-DE75F22A428A}"
EndProject
Project("{FAE04EC0-301F-11D3-BF4B-00C04F79EFBC}") = "Wheater.Shared", "Wheater.Shared\Wheater.Shared.csproj", "{84903F4F-1CB5-43CF-9619-8880FB6152EF}"
EndProject
Global
	GlobalSection(SolutionConfigurationPlatforms) = preSolution
		Debug|Any CPU = Debug|Any CPU
		Release|Any CPU = Release|Any CPU
	EndGlobalSection
	GlobalSection(ProjectConfigurationPlatforms) = postSolution
		{F59BF61E-826C-4B81-A88A-3EC801F4C04D}.Debug|Any CPU.ActiveCfg = Debug|Any CPU
		{F59BF61E-826C-4B81-A88A-3EC801F4C04D}.Debug|Any CPU.Build.0 = Debug|Any CPU
		{F59BF61E-826C-4B81-A88A-3EC801F4C04D}.Release|Any CPU.ActiveCfg = Release|Any CPU
		{F59BF61E-826C-4B81-A88A-3EC801F4C04D}.Release|Any CPU.Build.0 = Release|Any CPU
		{050410A2-8BBB-4AAE-B327-DE75F22A428A}.Debug|Any CPU.ActiveCfg = Debug|Any CPU
		{050410A2-8BBB-4AAE-B327-DE75F22A428A}.Debug|Any CPU.Build.0 = Debug|Any CPU
		{050410A2-8BBB-4AAE-B327-DE75F22A428A}.Release|Any CPU.ActiveCfg = Release|Any CPU
		{050410A2-8BBB-4AAE-B327-DE75F22A428A}.Release|Any CPU.Build.0 = Release|Any CPU
		{84903F4F-1CB5-43CF-9619-8880FB6152EF}.Debug|Any CPU.ActiveCfg = Debug|Any CPU
		{84903F4F-1CB5-43CF-9619-8880FB6152EF}.Debug|Any CPU.Build.0 = Debug|Any CPU
		{84903F4F-1CB5-43CF-9619-8880FB6152EF}.Release|Any CPU.ActiveCfg = Release|Any CPU
		{84903F4F-1CB5-43CF-9619-8880FB6152EF}.Release|Any CPU.Build.0 = Release|Any CPU
	EndGlobalSection
	GlobalSection(SolutionProperties) = preSolution
		HideSolutionNode = FALSE
	EndGlobalSection
EndGlobal
